// !$*UTF8*$!
{
	archiveVersion = 1;
	classes = {
	};
	objectVersion = 56;
	objects = {

/* Begin PBXBuildFile section */
		DDA6F1DA2DFAAA59006105B7 /* WorldViewModel.swift in Sources */ = {isa = PBXBuildFile; fileRef = DDA6F1D92DFAAA59006105B7 /* WorldViewModel.swift */; };
		DDA6F1DE2DFAACB2006105B7 /* WorldView.swift in Sources */ = {isa = PBXBuildFile; fileRef = DDA6F1DD2DFAACB2006105B7 /* WorldView.swift */; };
		DDA6F1E22DFAB5C2006105B7 /* TownView.swift in Sources */ = {isa = PBXBuildFile; fileRef = DDA6F1E12DFAB5C2006105B7 /* TownView.swift */; };
		DDA6F1E42DFAB5CB006105B7 /* TownViewModel.swift in Sources */ = {isa = PBXBuildFile; fileRef = DDA6F1E32DFAB5CB006105B7 /* TownViewModel.swift */; };
		DDA935B12DF7ED4C001AF089 /* SwiftUINavigationApp.swift in Sources */ = {isa = PBXBuildFile; fileRef = DDA935B02DF7ED4C001AF089 /* SwiftUINavigationApp.swift */; };
		DDA935B32DF7ED4C001AF089 /* MenuView.swift in Sources */ = {isa = PBXBuildFile; fileRef = DDA935B22DF7ED4C001AF089 /* MenuView.swift */; };
		DDA935B52DF7ED51001AF089 /* Assets.xcassets in Resources */ = {isa = PBXBuildFile; fileRef = DDA935B42DF7ED51001AF089 /* Assets.xcassets */; };
		DDA935B82DF7ED51001AF089 /* Preview Assets.xcassets in Resources */ = {isa = PBXBuildFile; fileRef = DDA935B72DF7ED51001AF089 /* Preview Assets.xcassets */; };
		DDA935BF2DF7EE14001AF089 /* Plan in Resources */ = {isa = PBXBuildFile; fileRef = DDA935BE2DF7EE14001AF089 /* Plan */; };
		DDA935CF2DF7F005001AF089 /* CompositionRoot.swift in Sources */ = {isa = PBXBuildFile; fileRef = DDA935CE2DF7F005001AF089 /* CompositionRoot.swift */; };
		DDA935D12DF7F068001AF089 /* NavigationManager.swift in Sources */ = {isa = PBXBuildFile; fileRef = DDA935D02DF7F068001AF089 /* NavigationManager.swift */; };
		DDA935D32DF7F15D001AF089 /* AppScreen.swift in Sources */ = {isa = PBXBuildFile; fileRef = DDA935D22DF7F15D001AF089 /* AppScreen.swift */; };
		DDA935D52DF7F289001AF089 /* MenuViewModel.swift in Sources */ = {isa = PBXBuildFile; fileRef = DDA935D42DF7F289001AF089 /* MenuViewModel.swift */; };
		DDA935D92DF7F9B0001AF089 /* RoomViewModel.swift in Sources */ = {isa = PBXBuildFile; fileRef = DDA935D82DF7F9B0001AF089 /* RoomViewModel.swift */; };
		DDA935DB2DF7FA5D001AF089 /* RoomView.swift in Sources */ = {isa = PBXBuildFile; fileRef = DDA935DA2DF7FA5D001AF089 /* RoomView.swift */; };
		DDAB28372DF9482200F850BB /* DungeonViewModel.swift in Sources */ = {isa = PBXBuildFile; fileRef = DDAB28362DF9482200F850BB /* DungeonViewModel.swift */; };
		DDAB28392DF9482D00F850BB /* DungeonView.swift in Sources */ = {isa = PBXBuildFile; fileRef = DDAB28382DF9482D00F850BB /* DungeonView.swift */; };
/* End PBXBuildFile section */

/* Begin PBXFileReference section */
		DDA6F1D92DFAAA59006105B7 /* WorldViewModel.swift */ = {isa = PBXFileReference; lastKnownFileType = sourcecode.swift; path = WorldViewModel.swift; sourceTree = "<group>"; };
		DDA6F1DD2DFAACB2006105B7 /* WorldView.swift */ = {isa = PBXFileReference; lastKnownFileType = sourcecode.swift; path = WorldView.swift; sourceTree = "<group>"; };
		DDA6F1E12DFAB5C2006105B7 /* TownView.swift */ = {isa = PBXFileReference; lastKnownFileType = sourcecode.swift; path = TownView.swift; sourceTree = "<group>"; };
		DDA6F1E32DFAB5CB006105B7 /* TownViewModel.swift */ = {isa = PBXFileReference; lastKnownFileType = sourcecode.swift; path = TownViewModel.swift; sourceTree = "<group>"; };
		DDA935AD2DF7ED4C001AF089 /* SwiftUINavigation.app */ = {isa = PBXFileReference; explicitFileType = wrapper.application; includeInIndex = 0; path = SwiftUINavigation.app; sourceTree = BUILT_PRODUCTS_DIR; };
		DDA935B02DF7ED4C001AF089 /* SwiftUINavigationApp.swift */ = {isa = PBXFileReference; lastKnownFileType = sourcecode.swift; path = SwiftUINavigationApp.swift; sourceTree = "<group>"; };
		DDA935B22DF7ED4C001AF089 /* MenuView.swift */ = {isa = PBXFileReference; lastKnownFileType = sourcecode.swift; path = MenuView.swift; sourceTree = "<group>"; };
		DDA935B42DF7ED51001AF089 /* Assets.xcassets */ = {isa = PBXFileReference; lastKnownFileType = folder.assetcatalog; path = Assets.xcassets; sourceTree = "<group>"; };
		DDA935B72DF7ED51001AF089 /* Preview Assets.xcassets */ = {isa = PBXFileReference; lastKnownFileType = folder.assetcatalog; path = "Preview Assets.xcassets"; sourceTree = "<group>"; };
		DDA935BE2DF7EE14001AF089 /* Plan */ = {isa = PBXFileReference; lastKnownFileType = text; path = Plan; sourceTree = "<group>"; };
		DDA935CE2DF7F005001AF089 /* CompositionRoot.swift */ = {isa = PBXFileReference; lastKnownFileType = sourcecode.swift; path = CompositionRoot.swift; sourceTree = "<group>"; };
		DDA935D02DF7F068001AF089 /* NavigationManager.swift */ = {isa = PBXFileReference; lastKnownFileType = sourcecode.swift; path = NavigationManager.swift; sourceTree = "<group>"; };
		DDA935D22DF7F15D001AF089 /* AppScreen.swift */ = {isa = PBXFileReference; lastKnownFileType = sourcecode.swift; path = AppScreen.swift; sourceTree = "<group>"; };
		DDA935D42DF7F289001AF089 /* MenuViewModel.swift */ = {isa = PBXFileReference; lastKnownFileType = sourcecode.swift; path = MenuViewModel.swift; sourceTree = "<group>"; };
		DDA935D82DF7F9B0001AF089 /* RoomViewModel.swift */ = {isa = PBXFileReference; lastKnownFileType = sourcecode.swift; path = RoomViewModel.swift; sourceTree = "<group>"; };
		DDA935DA2DF7FA5D001AF089 /* RoomView.swift */ = {isa = PBXFileReference; lastKnownFileType = sourcecode.swift; path = RoomView.swift; sourceTree = "<group>"; };
		DDAB28362DF9482200F850BB /* DungeonViewModel.swift */ = {isa = PBXFileReference; lastKnownFileType = sourcecode.swift; path = DungeonViewModel.swift; sourceTree = "<group>"; };
		DDAB28382DF9482D00F850BB /* DungeonView.swift */ = {isa = PBXFileReference; lastKnownFileType = sourcecode.swift; path = DungeonView.swift; sourceTree = "<group>"; };
/* End PBXFileReference section */

/* Begin PBXFrameworksBuildPhase section */
		DDA935AA2DF7ED4C001AF089 /* Frameworks */ = {
			isa = PBXFrameworksBuildPhase;
			buildActionMask = 2147483647;
			files = (
			);
			runOnlyForDeploymentPostprocessing = 0;
		};
/* End PBXFrameworksBuildPhase section */

/* Begin PBXGroup section */
		DDA6F1D72DFAAA37006105B7 /* World */ = {
			isa = PBXGroup;
			children = (
				DDA6F1DB2DFAACA2006105B7 /* ViewModel */,
				DDA6F1DC2DFAACAA006105B7 /* View */,
			);
			path = World;
			sourceTree = "<group>";
		};
		DDA6F1D82DFAAA3B006105B7 /* Town */ = {
			isa = PBXGroup;
			children = (
				DDA6F1E02DFAB5B4006105B7 /* ViewModel */,
				DDA6F1DF2DFAB5AD006105B7 /* View */,
			);
			path = Town;
			sourceTree = "<group>";
		};
		DDA6F1DB2DFAACA2006105B7 /* ViewModel */ = {
			isa = PBXGroup;
			children = (
				DDA6F1D92DFAAA59006105B7 /* WorldViewModel.swift */,
			);
			path = ViewModel;
			sourceTree = "<group>";
		};
		DDA6F1DC2DFAACAA006105B7 /* View */ = {
			isa = PBXGroup;
			children = (
				DDA6F1DD2DFAACB2006105B7 /* WorldView.swift */,
			);
			path = View;
			sourceTree = "<group>";
		};
		DDA6F1DF2DFAB5AD006105B7 /* View */ = {
			isa = PBXGroup;
			children = (
				DDA6F1E12DFAB5C2006105B7 /* TownView.swift */,
			);
			path = View;
			sourceTree = "<group>";
		};
		DDA6F1E02DFAB5B4006105B7 /* ViewModel */ = {
			isa = PBXGroup;
			children = (
				DDA6F1E32DFAB5CB006105B7 /* TownViewModel.swift */,
			);
			path = ViewModel;
			sourceTree = "<group>";
		};
		DDA935A42DF7ED4C001AF089 = {
			isa = PBXGroup;
			children = (
				DDA935AF2DF7ED4C001AF089 /* SwiftUINavigation */,
				DDA935AE2DF7ED4C001AF089 /* Products */,
			);
			sourceTree = "<group>";
		};
		DDA935AE2DF7ED4C001AF089 /* Products */ = {
			isa = PBXGroup;
			children = (
				DDA935AD2DF7ED4C001AF089 /* SwiftUINavigation.app */,
			);
			name = Products;
			sourceTree = "<group>";
		};
		DDA935AF2DF7ED4C001AF089 /* SwiftUINavigation */ = {
			isa = PBXGroup;
			children = (
				DDA935BE2DF7EE14001AF089 /* Plan */,
				DDA935B02DF7ED4C001AF089 /* SwiftUINavigationApp.swift */,
				DDA935CE2DF7F005001AF089 /* CompositionRoot.swift */,
				DDA935D02DF7F068001AF089 /* NavigationManager.swift */,
				DDA935D22DF7F15D001AF089 /* AppScreen.swift */,
				DDA6F1D82DFAAA3B006105B7 /* Town */,
				DDA6F1D72DFAAA37006105B7 /* World */,
				DDA935C02DF7EF07001AF089 /* Menu */,
				DDA935C22DF7EF16001AF089 /* Room */,
				DDA935C12DF7EF10001AF089 /* Dungeon */,
				DDA935CC2DF7EF82001AF089 /* Resources */,
				DDA935B62DF7ED51001AF089 /* Preview Content */,
			);
			path = SwiftUINavigation;
			sourceTree = "<group>";
		};
		DDA935B62DF7ED51001AF089 /* Preview Content */ = {
			isa = PBXGroup;
			children = (
				DDA935B72DF7ED51001AF089 /* Preview Assets.xcassets */,
			);
			path = "Preview Content";
			sourceTree = "<group>";
		};
		DDA935C02DF7EF07001AF089 /* Menu */ = {
			isa = PBXGroup;
			children = (
				DDA935CB2DF7EF59001AF089 /* Model */,
				DDA935CA2DF7EF56001AF089 /* ViewModel */,
				DDA935C92DF7EF51001AF089 /* View */,
			);
			path = Menu;
			sourceTree = "<group>";
		};
		DDA935C12DF7EF10001AF089 /* Dungeon */ = {
			isa = PBXGroup;
			children = (
				DDA935C82DF7EF4E001AF089 /* Model */,
				DDA935C72DF7EF4A001AF089 /* ViewModel */,
				DDA935C62DF7EF46001AF089 /* View */,
			);
			path = Dungeon;
			sourceTree = "<group>";
		};
		DDA935C22DF7EF16001AF089 /* Room */ = {
			isa = PBXGroup;
			children = (
				DDA935C52DF7EF2F001AF089 /* Model */,
				DDA935C42DF7EF28001AF089 /* VIewModel */,
				DDA935C32DF7EF1F001AF089 /* View */,
			);
			path = Room;
			sourceTree = "<group>";
		};
		DDA935C32DF7EF1F001AF089 /* View */ = {
			isa = PBXGroup;
			children = (
				DDA935DA2DF7FA5D001AF089 /* RoomView.swift */,
			);
			path = View;
			sourceTree = "<group>";
		};
		DDA935C42DF7EF28001AF089 /* VIewModel */ = {
			isa = PBXGroup;
			children = (
				DDA935D82DF7F9B0001AF089 /* RoomViewModel.swift */,
			);
			path = VIewModel;
			sourceTree = "<group>";
		};
		DDA935C52DF7EF2F001AF089 /* Model */ = {
			isa = PBXGroup;
			children = (
			);
			path = Model;
			sourceTree = "<group>";
		};
		DDA935C62DF7EF46001AF089 /* View */ = {
			isa = PBXGroup;
			children = (
				DDAB28382DF9482D00F850BB /* DungeonView.swift */,
			);
			path = View;
			sourceTree = "<group>";
		};
		DDA935C72DF7EF4A001AF089 /* ViewModel */ = {
			isa = PBXGroup;
			children = (
				DDAB28362DF9482200F850BB /* DungeonViewModel.swift */,
			);
			path = ViewModel;
			sourceTree = "<group>";
		};
		DDA935C82DF7EF4E001AF089 /* Model */ = {
			isa = PBXGroup;
			children = (
			);
			path = Model;
			sourceTree = "<group>";
		};
		DDA935C92DF7EF51001AF089 /* View */ = {
			isa = PBXGroup;
			children = (
				DDA935B22DF7ED4C001AF089 /* MenuView.swift */,
			);
			path = View;
			sourceTree = "<group>";
		};
		DDA935CA2DF7EF56001AF089 /* ViewModel */ = {
			isa = PBXGroup;
			children = (
				DDA935D42DF7F289001AF089 /* MenuViewModel.swift */,
			);
			path = ViewModel;
			sourceTree = "<group>";
		};
		DDA935CB2DF7EF59001AF089 /* Model */ = {
			isa = PBXGroup;
			children = (
			);
			path = Model;
			sourceTree = "<group>";
		};
		DDA935CC2DF7EF82001AF089 /* Resources */ = {
			isa = PBXGroup;
			children = (
				DDA935B42DF7ED51001AF089 /* Assets.xcassets */,
			);
			path = Resources;
			sourceTree = "<group>";
		};
/* End PBXGroup section */

/* Begin PBXNativeTarget section */
		DDA935AC2DF7ED4C001AF089 /* SwiftUINavigation */ = {
			isa = PBXNativeTarget;
			buildConfigurationList = DDA935BB2DF7ED51001AF089 /* Build configuration list for PBXNativeTarget "SwiftUINavigation" */;
			buildPhases = (
				DDA935A92DF7ED4C001AF089 /* Sources */,
				DDA935AA2DF7ED4C001AF089 /* Frameworks */,
				DDA935AB2DF7ED4C001AF089 /* Resources */,
			);
			buildRules = (
			);
			dependencies = (
			);
			name = SwiftUINavigation;
			productName = SwiftUINavigation;
			productReference = DDA935AD2DF7ED4C001AF089 /* SwiftUINavigation.app */;
			productType = "com.apple.product-type.application";
		};
/* End PBXNativeTarget section */

/* Begin PBXProject section */
		DDA935A52DF7ED4C001AF089 /* Project object */ = {
			isa = PBXProject;
			attributes = {
				BuildIndependentTargetsInParallel = 1;
				LastSwiftUpdateCheck = 1420;
				LastUpgradeCheck = 1420;
				TargetAttributes = {
					DDA935AC2DF7ED4C001AF089 = {
						CreatedOnToolsVersion = 14.2;
					};
				};
			};
			buildConfigurationList = DDA935A82DF7ED4C001AF089 /* Build configuration list for PBXProject "SwiftUINavigation" */;
			compatibilityVersion = "Xcode 14.0";
			developmentRegion = en;
			hasScannedForEncodings = 0;
			knownRegions = (
				en,
				Base,
			);
			mainGroup = DDA935A42DF7ED4C001AF089;
			productRefGroup = DDA935AE2DF7ED4C001AF089 /* Products */;
			projectDirPath = "";
			projectRoot = "";
			targets = (
				DDA935AC2DF7ED4C001AF089 /* SwiftUINavigation */,
			);
		};
/* End PBXProject section */

/* Begin PBXResourcesBuildPhase section */
		DDA935AB2DF7ED4C001AF089 /* Resources */ = {
			isa = PBXResourcesBuildPhase;
			buildActionMask = 2147483647;
			files = (
				DDA935B82DF7ED51001AF089 /* Preview Assets.xcassets in Resources */,
				DDA935B52DF7ED51001AF089 /* Assets.xcassets in Resources */,
				DDA935BF2DF7EE14001AF089 /* Plan in Resources */,
			);
			runOnlyForDeploymentPostprocessing = 0;
		};
/* End PBXResourcesBuildPhase section */

/* Begin PBXSourcesBuildPhase section */
		DDA935A92DF7ED4C001AF089 /* Sources */ = {
			isa = PBXSourcesBuildPhase;
			buildActionMask = 2147483647;
			files = (
				DDA6F1DA2DFAAA59006105B7 /* WorldViewModel.swift in Sources */,
				DDA935DB2DF7FA5D001AF089 /* RoomView.swift in Sources */,
				DDAB28392DF9482D00F850BB /* DungeonView.swift in Sources */,
				DDA935CF2DF7F005001AF089 /* CompositionRoot.swift in Sources */,
				DDA935D12DF7F068001AF089 /* NavigationManager.swift in Sources */,
				DDA6F1DE2DFAACB2006105B7 /* WorldView.swift in Sources */,
				DDA935B32DF7ED4C001AF089 /* MenuView.swift in Sources */,
				DDA935D52DF7F289001AF089 /* MenuViewModel.swift in Sources */,
				DDA6F1E42DFAB5CB006105B7 /* TownViewModel.swift in Sources */,
				DDA935B12DF7ED4C001AF089 /* SwiftUINavigationApp.swift in Sources */,
				DDA6F1E22DFAB5C2006105B7 /* TownView.swift in Sources */,
				DDAB28372DF9482200F850BB /* DungeonViewModel.swift in Sources */,
				DDA935D32DF7F15D001AF089 /* AppScreen.swift in Sources */,
				DDA935D92DF7F9B0001AF089 /* RoomViewModel.swift in Sources */,
			);
			runOnlyForDeploymentPostprocessing = 0;
		};
/* End PBXSourcesBuildPhase section */

/* Begin XCBuildConfiguration section */
		DDA935B92DF7ED51001AF089 /* Debug */ = {
			isa = XCBuildConfiguration;
			buildSettings = {
				ALWAYS_SEARCH_USER_PATHS = NO;
				CLANG_ANALYZER_NONNULL = YES;
				CLANG_ANALYZER_NUMBER_OBJECT_CONVERSION = YES_AGGRESSIVE;
				CLANG_CXX_LANGUAGE_STANDARD = "gnu++20";
				CLANG_ENABLE_MODULES = YES;
				CLANG_ENABLE_OBJC_ARC = YES;
				CLANG_ENABLE_OBJC_WEAK = YES;
				CLANG_WARN_BLOCK_CAPTURE_AUTORELEASING = YES;
				CLANG_WARN_BOOL_CONVERSION = YES;
				CLANG_WARN_COMMA = YES;
				CLANG_WARN_CONSTANT_CONVERSION = YES;
				CLANG_WARN_DEPRECATED_OBJC_IMPLEMENTATIONS = YES;
				CLANG_WARN_DIRECT_OBJC_ISA_USAGE = YES_ERROR;
				CLANG_WARN_DOCUMENTATION_COMMENTS = YES;
				CLANG_WARN_EMPTY_BODY = YES;
				CLANG_WARN_ENUM_CONVERSION = YES;
				CLANG_WARN_INFINITE_RECURSION = YES;
				CLANG_WARN_INT_CONVERSION = YES;
				CLANG_WARN_NON_LITERAL_NULL_CONVERSION = YES;
				CLANG_WARN_OBJC_IMPLICIT_RETAIN_SELF = YES;
				CLANG_WARN_OBJC_LITERAL_CONVERSION = YES;
				CLANG_WARN_OBJC_ROOT_CLASS = YES_ERROR;
				CLANG_WARN_QUOTED_INCLUDE_IN_FRAMEWORK_HEADER = YES;
				CLANG_WARN_RANGE_LOOP_ANALYSIS = YES;
				CLANG_WARN_STRICT_PROTOTYPES = YES;
				CLANG_WARN_SUSPICIOUS_MOVE = YES;
				CLANG_WARN_UNGUARDED_AVAILABILITY = YES_AGGRESSIVE;
				CLANG_WARN_UNREACHABLE_CODE = YES;
				CLANG_WARN__DUPLICATE_METHOD_MATCH = YES;
				COPY_PHASE_STRIP = NO;
				DEBUG_INFORMATION_FORMAT = dwarf;
				ENABLE_STRICT_OBJC_MSGSEND = YES;
				ENABLE_TESTABILITY = YES;
				GCC_C_LANGUAGE_STANDARD = gnu11;
				GCC_DYNAMIC_NO_PIC = NO;
				GCC_NO_COMMON_BLOCKS = YES;
				GCC_OPTIMIZATION_LEVEL = 0;
				GCC_PREPROCESSOR_DEFINITIONS = (
					"DEBUG=1",
					"$(inherited)",
				);
				GCC_WARN_64_TO_32_BIT_CONVERSION = YES;
				GCC_WARN_ABOUT_RETURN_TYPE = YES_ERROR;
				GCC_WARN_UNDECLARED_SELECTOR = YES;
				GCC_WARN_UNINITIALIZED_AUTOS = YES_AGGRESSIVE;
				GCC_WARN_UNUSED_FUNCTION = YES;
				GCC_WARN_UNUSED_VARIABLE = YES;
				IPHONEOS_DEPLOYMENT_TARGET = 16.0;
				MTL_ENABLE_DEBUG_INFO = INCLUDE_SOURCE;
				MTL_FAST_MATH = YES;
				ONLY_ACTIVE_ARCH = YES;
				SDKROOT = iphoneos;
				SWIFT_ACTIVE_COMPILATION_CONDITIONS = DEBUG;
				SWIFT_OPTIMIZATION_LEVEL = "-Onone";
			};
			name = Debug;
		};
		DDA935BA2DF7ED51001AF089 /* Release */ = {
			isa = XCBuildConfiguration;
			buildSettings = {
				ALWAYS_SEARCH_USER_PATHS = NO;
				CLANG_ANALYZER_NONNULL = YES;
				CLANG_ANALYZER_NUMBER_OBJECT_CONVERSION = YES_AGGRESSIVE;
				CLANG_CXX_LANGUAGE_STANDARD = "gnu++20";
				CLANG_ENABLE_MODULES = YES;
				CLANG_ENABLE_OBJC_ARC = YES;
				CLANG_ENABLE_OBJC_WEAK = YES;
				CLANG_WARN_BLOCK_CAPTURE_AUTORELEASING = YES;
				CLANG_WARN_BOOL_CONVERSION = YES;
				CLANG_WARN_COMMA = YES;
				CLANG_WARN_CONSTANT_CONVERSION = YES;
				CLANG_WARN_DEPRECATED_OBJC_IMPLEMENTATIONS = YES;
				CLANG_WARN_DIRECT_OBJC_ISA_USAGE = YES_ERROR;
				CLANG_WARN_DOCUMENTATION_COMMENTS = YES;
				CLANG_WARN_EMPTY_BODY = YES;
				CLANG_WARN_ENUM_CONVERSION = YES;
				CLANG_WARN_INFINITE_RECURSION = YES;
				CLANG_WARN_INT_CONVERSION = YES;
				CLANG_WARN_NON_LITERAL_NULL_CONVERSION = YES;
				CLANG_WARN_OBJC_IMPLICIT_RETAIN_SELF = YES;
				CLANG_WARN_OBJC_LITERAL_CONVERSION = YES;
				CLANG_WARN_OBJC_ROOT_CLASS = YES_ERROR;
				CLANG_WARN_QUOTED_INCLUDE_IN_FRAMEWORK_HEADER = YES;
				CLANG_WARN_RANGE_LOOP_ANALYSIS = YES;
				CLANG_WARN_STRICT_PROTOTYPES = YES;
				CLANG_WARN_SUSPICIOUS_MOVE = YES;
				CLANG_WARN_UNGUARDED_AVAILABILITY = YES_AGGRESSIVE;
				CLANG_WARN_UNREACHABLE_CODE = YES;
				CLANG_WARN__DUPLICATE_METHOD_MATCH = YES;
				COPY_PHASE_STRIP = NO;
				DEBUG_INFORMATION_FORMAT = "dwarf-with-dsym";
				ENABLE_NS_ASSERTIONS = NO;
				ENABLE_STRICT_OBJC_MSGSEND = YES;
				GCC_C_LANGUAGE_STANDARD = gnu11;
				GCC_NO_COMMON_BLOCKS = YES;
				GCC_WARN_64_TO_32_BIT_CONVERSION = YES;
				GCC_WARN_ABOUT_RETURN_TYPE = YES_ERROR;
				GCC_WARN_UNDECLARED_SELECTOR = YES;
				GCC_WARN_UNINITIALIZED_AUTOS = YES_AGGRESSIVE;
				GCC_WARN_UNUSED_FUNCTION = YES;
				GCC_WARN_UNUSED_VARIABLE = YES;
				IPHONEOS_DEPLOYMENT_TARGET = 16.0;
				MTL_ENABLE_DEBUG_INFO = NO;
				MTL_FAST_MATH = YES;
				SDKROOT = iphoneos;
				SWIFT_COMPILATION_MODE = wholemodule;
				SWIFT_OPTIMIZATION_LEVEL = "-O";
				VALIDATE_PRODUCT = YES;
			};
			name = Release;
		};
		DDA935BC2DF7ED51001AF089 /* Debug */ = {
			isa = XCBuildConfiguration;
			buildSettings = {
				ASSETCATALOG_COMPILER_APPICON_NAME = AppIcon;
				ASSETCATALOG_COMPILER_GLOBAL_ACCENT_COLOR_NAME = AccentColor;
				CODE_SIGN_STYLE = Automatic;
				CURRENT_PROJECT_VERSION = 1;
				DEVELOPMENT_ASSET_PATHS = "\"SwiftUINavigation/Preview Content\"";
				DEVELOPMENT_TEAM = 7YW3V66545;
				ENABLE_PREVIEWS = YES;
				GENERATE_INFOPLIST_FILE = YES;
				INFOPLIST_KEY_UIApplicationSceneManifest_Generation = YES;
				INFOPLIST_KEY_UIApplicationSupportsIndirectInputEvents = YES;
				INFOPLIST_KEY_UILaunchScreen_Generation = YES;
				INFOPLIST_KEY_UISupportedInterfaceOrientations = UIInterfaceOrientationPortrait;
				INFOPLIST_KEY_UISupportedInterfaceOrientations_iPad = "UIInterfaceOrientationLandscapeLeft UIInterfaceOrientationLandscapeRight UIInterfaceOrientationPortrait UIInterfaceOrientationPortraitUpsideDown";
				IPHONEOS_DEPLOYMENT_TARGET = 16.0;
				LD_RUNPATH_SEARCH_PATHS = (
					"$(inherited)",
					"@executable_path/Frameworks",
				);
				MARKETING_VERSION = 1.0;
				PRODUCT_BUNDLE_IDENTIFIER = HieroniusTeam.SwiftUINavigation;
				PRODUCT_NAME = "$(TARGET_NAME)";
				SUPPORTED_PLATFORMS = "iphoneos iphonesimulator";
				SUPPORTS_MACCATALYST = NO;
				SUPPORTS_MAC_DESIGNED_FOR_IPHONE_IPAD = NO;
				SWIFT_EMIT_LOC_STRINGS = YES;
				SWIFT_VERSION = 5.0;
				TARGETED_DEVICE_FAMILY = 1;
			};
			name = Debug;
		};
		DDA935BD2DF7ED51001AF089 /* Release */ = {
			isa = XCBuildConfiguration;
			buildSettings = {
				ASSETCATALOG_COMPILER_APPICON_NAME = AppIcon;
				ASSETCATALOG_COMPILER_GLOBAL_ACCENT_COLOR_NAME = AccentColor;
				CODE_SIGN_STYLE = Automatic;
				CURRENT_PROJECT_VERSION = 1;
				DEVELOPMENT_ASSET_PATHS = "\"SwiftUINavigation/Preview Content\"";
				DEVELOPMENT_TEAM = 7YW3V66545;
				ENABLE_PREVIEWS = YES;
				GENERATE_INFOPLIST_FILE = YES;
				INFOPLIST_KEY_UIApplicationSceneManifest_Generation = YES;
				INFOPLIST_KEY_UIApplicationSupportsIndirectInputEvents = YES;
				INFOPLIST_KEY_UILaunchScreen_Generation = YES;
				INFOPLIST_KEY_UISupportedInterfaceOrientations = UIInterfaceOrientationPortrait;
				INFOPLIST_KEY_UISupportedInterfaceOrientations_iPad = "UIInterfaceOrientationLandscapeLeft UIInterfaceOrientationLandscapeRight UIInterfaceOrientationPortrait UIInterfaceOrientationPortraitUpsideDown";
				IPHONEOS_DEPLOYMENT_TARGET = 16.0;
				LD_RUNPATH_SEARCH_PATHS = (
					"$(inherited)",
					"@executable_path/Frameworks",
				);
				MARKETING_VERSION = 1.0;
				PRODUCT_BUNDLE_IDENTIFIER = HieroniusTeam.SwiftUINavigation;
				PRODUCT_NAME = "$(TARGET_NAME)";
				SUPPORTED_PLATFORMS = "iphoneos iphonesimulator";
				SUPPORTS_MACCATALYST = NO;
				SUPPORTS_MAC_DESIGNED_FOR_IPHONE_IPAD = NO;
				SWIFT_EMIT_LOC_STRINGS = YES;
				SWIFT_VERSION = 5.0;
				TARGETED_DEVICE_FAMILY = 1;
			};
			name = Release;
		};
/* End XCBuildConfiguration section */

/* Begin XCConfigurationList section */
		DDA935A82DF7ED4C001AF089 /* Build configuration list for PBXProject "SwiftUINavigation" */ = {
			isa = XCConfigurationList;
			buildConfigurations = (
				DDA935B92DF7ED51001AF089 /* Debug */,
				DDA935BA2DF7ED51001AF089 /* Release */,
			);
			defaultConfigurationIsVisible = 0;
			defaultConfigurationName = Release;
		};
		DDA935BB2DF7ED51001AF089 /* Build configuration list for PBXNativeTarget "SwiftUINavigation" */ = {
			isa = XCConfigurationList;
			buildConfigurations = (
				DDA935BC2DF7ED51001AF089 /* Debug */,
				DDA935BD2DF7ED51001AF089 /* Release */,
			);
			defaultConfigurationIsVisible = 0;
			defaultConfigurationName = Release;
		};
/* End XCConfigurationList section */
	};
	rootObject = DDA935A52DF7ED4C001AF089 /* Project object */;
}
